
Microsoft Visual Studio Solution File, Format Version 12.00
# Visual Studio Express 2012 for Windows Desktop
Project("{FAE04EC0-301F-11D3-BF4B-00C04F79EFBC}") = "GenericsDemoApp", "GenericsDemoApp.csproj", "{8C4B6CF2-A8F6-4439-9E79-183A210DC4E7}"
EndProject
Global
	GlobalSection(SolutionConfigurationPlatforms) = preSolution
		Debug|Any CPU = Debug|Any CPU
		Release|Any CPU = Release|Any CPU
	EndGlobalSection
	GlobalSection(ProjectConfigurationPlatforms) = postSolution
		{8C4B6CF2-A8F6-4439-9E79-183A210DC4E7}.Debug|Any CPU.ActiveCfg = Debug|Any CPU
		{8C4B6CF2-A8F6-4439-9E79-183A210DC4E7}.Debug|Any CPU.Build.0 = Debug|Any CPU
		{8C4B6CF2-A8F6-4439-9E79-183A210DC4E7}.Release|Any CPU.ActiveCfg = Release|Any CPU
		{8C4B6CF2-A8F6-4439-9E79-183A210DC4E7}.Release|Any CPU.Build.0 = Release|Any CPU
	EndGlobalSection
	GlobalSection(SolutionProperties) = preSolution
		HideSolutionNode = FALSE
	EndGlobalSection
EndGlobal
